{
  "nodes": {
    "nixpkgs": {
      "locked": {
        "lastModified": 1788549839,
        "narHash": "sha256-kOrCcSIA6w9J1hX5DqHy2k9pDTJymExTsbV74U9UtCA=",
        "owner": "NixOS",
        "repo": "nixpkgs",
        "rev": "17de0b976395537756f30a3e78f2f06e5cec89ed",
        "type": "github"
      },
      "original": {
        "owner": "NixOS",
        "ref": "nixpkgs-unstable",
        "repo": "nixpkgs",
        "type": "github"
      }
    },
    "root": {
      "inputs": {
        "nixpkgs": "nixpkgs",
        "zmk-nix": "zmk-nix"
      }
    },
    "zmk-nix": {
      "inputs": {
        "nixpkgs": [
          "nixpkgs"
        ]
      },
      "locked": {
        "lastModified": 1788656650,
        "narHash": "sha256-d135HqZ0WXLEjq9N6LwO4dFkc7AgiyjQua3grax+vE4=",
        "owner": "lilyinstarlight",
        "repo": "zmk-nix",
        "rev": "41046da1963a5e0ade05b7de2682bbebaa782e90",
        "type": "github"
      },
      "original": {
        "owner": "lilyinstarlight",
        "repo": "zmk-nix",
        "type": "github"
      }
    }
  },
  "root": "root",
  "version": 7
}
